// !$*UTF8*$!
{
	archiveVersion = 1;
	classes = {
	};
	objectVersion = 52;
	objects = {

/* Begin PBXBuildFile section */
		2247996A26574FB6005EDCE5 /* ResultCell.swift in Sources */ = {isa = PBXBuildFile; fileRef = 2247996826574FB6005EDCE5 /* ResultCell.swift */; };
		2247996B26574FB6005EDCE5 /* ResultCell.xib in Resources */ = {isa = PBXBuildFile; fileRef = 2247996926574FB6005EDCE5 /* ResultCell.xib */; };
		22479971265757CD005EDCE5 /* SelectInfo.swift in Sources */ = {isa = PBXBuildFile; fileRef = 22479970265757CD005EDCE5 /* SelectInfo.swift */; };
		2247997A26575803005EDCE5 /* SearchDataCenter.swift in Sources */ = {isa = PBXBuildFile; fileRef = 2247997926575803005EDCE5 /* SearchDataCenter.swift */; };
		224FF4C126523AFA0051259F /* NSObject+ClassNameProtocol.swift in Sources */ = {isa = PBXBuildFile; fileRef = 224FF4C026523AFA0051259F /* NSObject+ClassNameProtocol.swift */; };
		224FF4CA26523B5C0051259F /* NetworkingCenter.swift in Sources */ = {isa = PBXBuildFile; fileRef = 224FF4C926523B5C0051259F /* NetworkingCenter.swift */; };
		224FF4D226523B7D0051259F /* AirbnbRouter.swift in Sources */ = {isa = PBXBuildFile; fileRef = 224FF4D126523B7D0051259F /* AirbnbRouter.swift */; };
		224FF4E1265240820051259F /* SearchViewController.swift in Sources */ = {isa = PBXBuildFile; fileRef = 224FF4E0265240820051259F /* SearchViewController.swift */; };
		224FF51126525B9E0051259F /* NetworkElements.plist in Resources */ = {isa = PBXBuildFile; fileRef = 224FF51026525B9E0051259F /* NetworkElements.plist */; };
		224FF51726525C7E0051259F /* Alamofire in Frameworks */ = {isa = PBXBuildFile; productRef = 224FF51626525C7E0051259F /* Alamofire */; };
		227E48EA2656668000603EB2 /* PriceViewController.swift in Sources */ = {isa = PBXBuildFile; fileRef = 227E48E92656668000603EB2 /* PriceViewController.swift */; };
		2299C62D26536BE5007B01EE /* CalendarCell.swift in Sources */ = {isa = PBXBuildFile; fileRef = 2299C62B26536BE5007B01EE /* CalendarCell.swift */; };
		2299C62E26536BE5007B01EE /* CalendarCell.xib in Resources */ = {isa = PBXBuildFile; fileRef = 2299C62C26536BE5007B01EE /* CalendarCell.xib */; };
		22B90732265360A400F6A0B0 /* CalendarViewController.swift in Sources */ = {isa = PBXBuildFile; fileRef = 22B90731265360A400F6A0B0 /* CalendarViewController.swift */; };
		22DCA67B2652338000DDEDBE /* AppDelegate.swift in Sources */ = {isa = PBXBuildFile; fileRef = 22DCA67A2652338000DDEDBE /* AppDelegate.swift */; };
		22DCA67D2652338000DDEDBE /* SceneDelegate.swift in Sources */ = {isa = PBXBuildFile; fileRef = 22DCA67C2652338000DDEDBE /* SceneDelegate.swift */; };
		22DCA67F2652338000DDEDBE /* MainViewController.swift in Sources */ = {isa = PBXBuildFile; fileRef = 22DCA67E2652338000DDEDBE /* MainViewController.swift */; };
		22DCA6822652338000DDEDBE /* Main.storyboard in Resources */ = {isa = PBXBuildFile; fileRef = 22DCA6802652338000DDEDBE /* Main.storyboard */; };
		22DCA6842652338600DDEDBE /* Assets.xcassets in Resources */ = {isa = PBXBuildFile; fileRef = 22DCA6832652338600DDEDBE /* Assets.xcassets */; };
		22DCA6872652338600DDEDBE /* LaunchScreen.storyboard in Resources */ = {isa = PBXBuildFile; fileRef = 22DCA6852652338600DDEDBE /* LaunchScreen.storyboard */; };
		22DCA6922652338600DDEDBE /* airbnbTests.swift in Sources */ = {isa = PBXBuildFile; fileRef = 22DCA6912652338600DDEDBE /* airbnbTests.swift */; };
		22DCA69D2652338600DDEDBE /* airbnbUITests.swift in Sources */ = {isa = PBXBuildFile; fileRef = 22DCA69C2652338600DDEDBE /* airbnbUITests.swift */; };
		22DE05C4265B6EC00086B74B /* BottomSearchInfoViewController.swift in Sources */ = {isa = PBXBuildFile; fileRef = 22DE05C3265B6EC00086B74B /* BottomSearchInfoViewController.swift */; };
		22DE05CF265B76ED0086B74B /* String+Date.swift in Sources */ = {isa = PBXBuildFile; fileRef = 22DE05CE265B76ED0086B74B /* String+Date.swift */; };
		22DF010D2655225B00CEE483 /* CalendarYearMonthHeader.swift in Sources */ = {isa = PBXBuildFile; fileRef = 22DF010B2655225B00CEE483 /* CalendarYearMonthHeader.swift */; };
		22DF010E2655225B00CEE483 /* CalendarYearMonthHeader.xib in Resources */ = {isa = PBXBuildFile; fileRef = 22DF010C2655225B00CEE483 /* CalendarYearMonthHeader.xib */; };
		22DF011426552F4800CEE483 /* YearMonthMetadata.swift in Sources */ = {isa = PBXBuildFile; fileRef = 22DF011326552F4800CEE483 /* YearMonthMetadata.swift */; };
		22DF011926552F5E00CEE483 /* Day.swift in Sources */ = {isa = PBXBuildFile; fileRef = 22DF011826552F5E00CEE483 /* Day.swift */; };
		22DF011E26552F8600CEE483 /* CalendarBusinessCenter.swift in Sources */ = {isa = PBXBuildFile; fileRef = 22DF011D26552F8600CEE483 /* CalendarBusinessCenter.swift */; };
		22DF012326552F9500CEE483 /* Date.swift in Sources */ = {isa = PBXBuildFile; fileRef = 22DF012226552F9500CEE483 /* Date.swift */; };
		22FA3EA12656949F0073FB47 /* Selected.swift in Sources */ = {isa = PBXBuildFile; fileRef = 22FA3EA02656949F0073FB47 /* Selected.swift */; };
		22FA3EAC2656A6BD0073FB47 /* UINavigationBar.swift in Sources */ = {isa = PBXBuildFile; fileRef = 22FA3EAB2656A6BD0073FB47 /* UINavigationBar.swift */; };
/* End PBXBuildFile section */

/* Begin PBXContainerItemProxy section */
		22DCA68E2652338600DDEDBE /* PBXContainerItemProxy */ = {
			isa = PBXContainerItemProxy;
			containerPortal = 22DCA66F2652338000DDEDBE /* Project object */;
			proxyType = 1;
			remoteGlobalIDString = 22DCA6762652338000DDEDBE;
			remoteInfo = airbnb;
		};
		22DCA6992652338600DDEDBE /* PBXContainerItemProxy */ = {
			isa = PBXContainerItemProxy;
			containerPortal = 22DCA66F2652338000DDEDBE /* Project object */;
			proxyType = 1;
			remoteGlobalIDString = 22DCA6762652338000DDEDBE;
			remoteInfo = airbnb;
		};
/* End PBXContainerItemProxy section */

/* Begin PBXFileReference section */
		2247996826574FB6005EDCE5 /* ResultCell.swift */ = {isa = PBXFileReference; lastKnownFileType = sourcecode.swift; path = ResultCell.swift; sourceTree = "<group>"; };
		2247996926574FB6005EDCE5 /* ResultCell.xib */ = {isa = PBXFileReference; lastKnownFileType = file.xib; path = ResultCell.xib; sourceTree = "<group>"; };
		22479970265757CD005EDCE5 /* SelectInfo.swift */ = {isa = PBXFileReference; lastKnownFileType = sourcecode.swift; path = SelectInfo.swift; sourceTree = "<group>"; };
		2247997926575803005EDCE5 /* SearchDataCenter.swift */ = {isa = PBXFileReference; lastKnownFileType = sourcecode.swift; path = SearchDataCenter.swift; sourceTree = "<group>"; };
		224FF4C026523AFA0051259F /* NSObject+ClassNameProtocol.swift */ = {isa = PBXFileReference; lastKnownFileType = sourcecode.swift; path = "NSObject+ClassNameProtocol.swift"; sourceTree = "<group>"; };
		224FF4C926523B5C0051259F /* NetworkingCenter.swift */ = {isa = PBXFileReference; lastKnownFileType = sourcecode.swift; path = NetworkingCenter.swift; sourceTree = "<group>"; };
		224FF4D126523B7D0051259F /* AirbnbRouter.swift */ = {isa = PBXFileReference; lastKnownFileType = sourcecode.swift; path = AirbnbRouter.swift; sourceTree = "<group>"; };
		224FF4E0265240820051259F /* SearchViewController.swift */ = {isa = PBXFileReference; lastKnownFileType = sourcecode.swift; path = SearchViewController.swift; sourceTree = "<group>"; };
		224FF51026525B9E0051259F /* NetworkElements.plist */ = {isa = PBXFileReference; lastKnownFileType = text.plist.xml; path = NetworkElements.plist; sourceTree = "<group>"; };
		227E48E92656668000603EB2 /* PriceViewController.swift */ = {isa = PBXFileReference; lastKnownFileType = sourcecode.swift; path = PriceViewController.swift; sourceTree = "<group>"; };
		2299C62B26536BE5007B01EE /* CalendarCell.swift */ = {isa = PBXFileReference; lastKnownFileType = sourcecode.swift; path = CalendarCell.swift; sourceTree = "<group>"; };
		2299C62C26536BE5007B01EE /* CalendarCell.xib */ = {isa = PBXFileReference; lastKnownFileType = file.xib; path = CalendarCell.xib; sourceTree = "<group>"; };
		22B90731265360A400F6A0B0 /* CalendarViewController.swift */ = {isa = PBXFileReference; lastKnownFileType = sourcecode.swift; path = CalendarViewController.swift; sourceTree = "<group>"; };
		22DCA6772652338000DDEDBE /* airbnb.app */ = {isa = PBXFileReference; explicitFileType = wrapper.application; includeInIndex = 0; path = airbnb.app; sourceTree = BUILT_PRODUCTS_DIR; };
		22DCA67A2652338000DDEDBE /* AppDelegate.swift */ = {isa = PBXFileReference; lastKnownFileType = sourcecode.swift; path = AppDelegate.swift; sourceTree = "<group>"; };
		22DCA67C2652338000DDEDBE /* SceneDelegate.swift */ = {isa = PBXFileReference; lastKnownFileType = sourcecode.swift; path = SceneDelegate.swift; sourceTree = "<group>"; };
		22DCA67E2652338000DDEDBE /* MainViewController.swift */ = {isa = PBXFileReference; lastKnownFileType = sourcecode.swift; path = MainViewController.swift; sourceTree = "<group>"; };
		22DCA6812652338000DDEDBE /* Base */ = {isa = PBXFileReference; lastKnownFileType = file.storyboard; name = Base; path = Base.lproj/Main.storyboard; sourceTree = "<group>"; };
		22DCA6832652338600DDEDBE /* Assets.xcassets */ = {isa = PBXFileReference; lastKnownFileType = folder.assetcatalog; path = Assets.xcassets; sourceTree = "<group>"; };
		22DCA6862652338600DDEDBE /* Base */ = {isa = PBXFileReference; lastKnownFileType = file.storyboard; name = Base; path = Base.lproj/LaunchScreen.storyboard; sourceTree = "<group>"; };
		22DCA6882652338600DDEDBE /* Info.plist */ = {isa = PBXFileReference; lastKnownFileType = text.plist.xml; path = Info.plist; sourceTree = "<group>"; };
		22DCA68D2652338600DDEDBE /* airbnbTests.xctest */ = {isa = PBXFileReference; explicitFileType = wrapper.cfbundle; includeInIndex = 0; path = airbnbTests.xctest; sourceTree = BUILT_PRODUCTS_DIR; };
		22DCA6912652338600DDEDBE /* airbnbTests.swift */ = {isa = PBXFileReference; lastKnownFileType = sourcecode.swift; path = airbnbTests.swift; sourceTree = "<group>"; };
		22DCA6932652338600DDEDBE /* Info.plist */ = {isa = PBXFileReference; lastKnownFileType = text.plist.xml; path = Info.plist; sourceTree = "<group>"; };
		22DCA6982652338600DDEDBE /* airbnbUITests.xctest */ = {isa = PBXFileReference; explicitFileType = wrapper.cfbundle; includeInIndex = 0; path = airbnbUITests.xctest; sourceTree = BUILT_PRODUCTS_DIR; };
		22DCA69C2652338600DDEDBE /* airbnbUITests.swift */ = {isa = PBXFileReference; lastKnownFileType = sourcecode.swift; path = airbnbUITests.swift; sourceTree = "<group>"; };
		22DCA69E2652338600DDEDBE /* Info.plist */ = {isa = PBXFileReference; lastKnownFileType = text.plist.xml; path = Info.plist; sourceTree = "<group>"; };
		22DE05C3265B6EC00086B74B /* BottomSearchInfoViewController.swift */ = {isa = PBXFileReference; lastKnownFileType = sourcecode.swift; path = BottomSearchInfoViewController.swift; sourceTree = "<group>"; };
		22DE05CE265B76ED0086B74B /* String+Date.swift */ = {isa = PBXFileReference; lastKnownFileType = sourcecode.swift; path = "String+Date.swift"; sourceTree = "<group>"; };
		22DF010B2655225B00CEE483 /* CalendarYearMonthHeader.swift */ = {isa = PBXFileReference; lastKnownFileType = sourcecode.swift; path = CalendarYearMonthHeader.swift; sourceTree = "<group>"; };
		22DF010C2655225B00CEE483 /* CalendarYearMonthHeader.xib */ = {isa = PBXFileReference; lastKnownFileType = file.xib; path = CalendarYearMonthHeader.xib; sourceTree = "<group>"; };
		22DF011326552F4800CEE483 /* YearMonthMetadata.swift */ = {isa = PBXFileReference; lastKnownFileType = sourcecode.swift; path = YearMonthMetadata.swift; sourceTree = "<group>"; };
		22DF011826552F5E00CEE483 /* Day.swift */ = {isa = PBXFileReference; lastKnownFileType = sourcecode.swift; path = Day.swift; sourceTree = "<group>"; };
		22DF011D26552F8600CEE483 /* CalendarBusinessCenter.swift */ = {isa = PBXFileReference; lastKnownFileType = sourcecode.swift; path = CalendarBusinessCenter.swift; sourceTree = "<group>"; };
		22DF012226552F9500CEE483 /* Date.swift */ = {isa = PBXFileReference; lastKnownFileType = sourcecode.swift; path = Date.swift; sourceTree = "<group>"; };
		22FA3EA02656949F0073FB47 /* Selected.swift */ = {isa = PBXFileReference; lastKnownFileType = sourcecode.swift; path = Selected.swift; sourceTree = "<group>"; };
		22FA3EAB2656A6BD0073FB47 /* UINavigationBar.swift */ = {isa = PBXFileReference; lastKnownFileType = sourcecode.swift; path = UINavigationBar.swift; sourceTree = "<group>"; };
/* End PBXFileReference section */

/* Begin PBXFrameworksBuildPhase section */
		22DCA6742652338000DDEDBE /* Frameworks */ = {
			isa = PBXFrameworksBuildPhase;
			buildActionMask = 2147483647;
			files = (
				224FF51726525C7E0051259F /* Alamofire in Frameworks */,
			);
			runOnlyForDeploymentPostprocessing = 0;
		};
		22DCA68A2652338600DDEDBE /* Frameworks */ = {
			isa = PBXFrameworksBuildPhase;
			buildActionMask = 2147483647;
			files = (
			);
			runOnlyForDeploymentPostprocessing = 0;
		};
		22DCA6952652338600DDEDBE /* Frameworks */ = {
			isa = PBXFrameworksBuildPhase;
			buildActionMask = 2147483647;
			files = (
			);
			runOnlyForDeploymentPostprocessing = 0;
		};
/* End PBXFrameworksBuildPhase section */

/* Begin PBXGroup section */
		2247996726574F92005EDCE5 /* View */ = {
			isa = PBXGroup;
			children = (
				2247996826574FB6005EDCE5 /* ResultCell.swift */,
				2247996926574FB6005EDCE5 /* ResultCell.xib */,
			);
			path = View;
			sourceTree = "<group>";
		};
		2247996F265757B5005EDCE5 /* Model */ = {
			isa = PBXGroup;
			children = (
				22479970265757CD005EDCE5 /* SelectInfo.swift */,
			);
			path = Model;
			sourceTree = "<group>";
		};
		22479978265757D7005EDCE5 /* ViewModel */ = {
			isa = PBXGroup;
			children = (
				2247997926575803005EDCE5 /* SearchDataCenter.swift */,
			);
			path = ViewModel;
			sourceTree = "<group>";
		};
		224FF4BF26523ADF0051259F /* extension */ = {
			isa = PBXGroup;
			children = (
				224FF4C026523AFA0051259F /* NSObject+ClassNameProtocol.swift */,
				22DF012226552F9500CEE483 /* Date.swift */,
				22FA3EAB2656A6BD0073FB47 /* UINavigationBar.swift */,
				22DE05CE265B76ED0086B74B /* String+Date.swift */,
			);
			path = extension;
			sourceTree = "<group>";
		};
		224FF4C826523B400051259F /* Network */ = {
			isa = PBXGroup;
			children = (
				224FF4D126523B7D0051259F /* AirbnbRouter.swift */,
				224FF4C926523B5C0051259F /* NetworkingCenter.swift */,
			);
			path = Network;
			sourceTree = "<group>";
		};
		224FF4DF265240710051259F /* Search */ = {
			isa = PBXGroup;
			children = (
				224FF4E0265240820051259F /* SearchViewController.swift */,
				2247996726574F92005EDCE5 /* View */,
				2247996F265757B5005EDCE5 /* Model */,
				22479978265757D7005EDCE5 /* ViewModel */,
			);
			path = Search;
			sourceTree = "<group>";
		};
		226200B32653CB7C009041FE /* ViewModel */ = {
			isa = PBXGroup;
			children = (
				22DF011D26552F8600CEE483 /* CalendarBusinessCenter.swift */,
			);
			path = ViewModel;
			sourceTree = "<group>";
		};
		227E48E82656666500603EB2 /* Price */ = {
			isa = PBXGroup;
			children = (
				227E48E92656668000603EB2 /* PriceViewController.swift */,
			);
			path = Price;
			sourceTree = "<group>";
		};
		22B9072F2653607D00F6A0B0 /* Calender */ = {
			isa = PBXGroup;
			children = (
				22B90731265360A400F6A0B0 /* CalendarViewController.swift */,
				22B907302653609700F6A0B0 /* View */,
				226200B32653CB7C009041FE /* ViewModel */,
				22DF011226552F3400CEE483 /* Model */,
			);
			path = Calender;
			sourceTree = "<group>";
		};
		22B907302653609700F6A0B0 /* View */ = {
			isa = PBXGroup;
			children = (
				2299C62B26536BE5007B01EE /* CalendarCell.swift */,
				2299C62C26536BE5007B01EE /* CalendarCell.xib */,
				22DF010B2655225B00CEE483 /* CalendarYearMonthHeader.swift */,
				22DF010C2655225B00CEE483 /* CalendarYearMonthHeader.xib */,
			);
			path = View;
			sourceTree = "<group>";
		};
		22DCA66E2652338000DDEDBE = {
			isa = PBXGroup;
			children = (
				22DCA6792652338000DDEDBE /* airbnb */,
				22DCA6902652338600DDEDBE /* airbnbTests */,
				22DCA69B2652338600DDEDBE /* airbnbUITests */,
				22DCA6782652338000DDEDBE /* Products */,
			);
			sourceTree = "<group>";
		};
		22DCA6782652338000DDEDBE /* Products */ = {
			isa = PBXGroup;
			children = (
				22DCA6772652338000DDEDBE /* airbnb.app */,
				22DCA68D2652338600DDEDBE /* airbnbTests.xctest */,
				22DCA6982652338600DDEDBE /* airbnbUITests.xctest */,
			);
			name = Products;
			sourceTree = "<group>";
		};
		22DCA6792652338000DDEDBE /* airbnb */ = {
			isa = PBXGroup;
			children = (
				22DCA6B02652370D00DDEDBE /* AppCycle */,
				22DCA6B12652375900DDEDBE /* Main */,
				224FF4DF265240710051259F /* Search */,
				22DE05C2265B6EA20086B74B /* BottomSearchInfo */,
				22B9072F2653607D00F6A0B0 /* Calender */,
				227E48E82656666500603EB2 /* Price */,
				224FF4C826523B400051259F /* Network */,
				224FF4BF26523ADF0051259F /* extension */,
				22DCA6802652338000DDEDBE /* Main.storyboard */,
				224FF51026525B9E0051259F /* NetworkElements.plist */,
				22DCA6832652338600DDEDBE /* Assets.xcassets */,
				22DCA6852652338600DDEDBE /* LaunchScreen.storyboard */,
				22DCA6882652338600DDEDBE /* Info.plist */,
			);
			path = airbnb;
			sourceTree = "<group>";
		};
		22DCA6902652338600DDEDBE /* airbnbTests */ = {
			isa = PBXGroup;
			children = (
				22DCA6912652338600DDEDBE /* airbnbTests.swift */,
				22DCA6932652338600DDEDBE /* Info.plist */,
			);
			path = airbnbTests;
			sourceTree = "<group>";
		};
		22DCA69B2652338600DDEDBE /* airbnbUITests */ = {
			isa = PBXGroup;
			children = (
				22DCA69C2652338600DDEDBE /* airbnbUITests.swift */,
				22DCA69E2652338600DDEDBE /* Info.plist */,
			);
			path = airbnbUITests;
			sourceTree = "<group>";
		};
		22DCA6B02652370D00DDEDBE /* AppCycle */ = {
			isa = PBXGroup;
			children = (
				22DCA67A2652338000DDEDBE /* AppDelegate.swift */,
				22DCA67C2652338000DDEDBE /* SceneDelegate.swift */,
			);
			path = AppCycle;
			sourceTree = "<group>";
		};
		22DCA6B12652375900DDEDBE /* Main */ = {
			isa = PBXGroup;
			children = (
				22DCA67E2652338000DDEDBE /* MainViewController.swift */,
			);
			path = Main;
			sourceTree = "<group>";
		};
		22DE05C2265B6EA20086B74B /* BottomSearchInfo */ = {
			isa = PBXGroup;
			children = (
				22DE05C3265B6EC00086B74B /* BottomSearchInfoViewController.swift */,
			);
			path = BottomSearchInfo;
			sourceTree = "<group>";
		};
		22DF011226552F3400CEE483 /* Model */ = {
			isa = PBXGroup;
			children = (
				22DF011326552F4800CEE483 /* YearMonthMetadata.swift */,
				22FA3EA02656949F0073FB47 /* Selected.swift */,
				22DF011826552F5E00CEE483 /* Day.swift */,
			);
			path = Model;
			sourceTree = "<group>";
		};
/* End PBXGroup section */

/* Begin PBXNativeTarget section */
		22DCA6762652338000DDEDBE /* airbnb */ = {
			isa = PBXNativeTarget;
			buildConfigurationList = 22DCA6A12652338700DDEDBE /* Build configuration list for PBXNativeTarget "airbnb" */;
			buildPhases = (
				22DCA6732652338000DDEDBE /* Sources */,
				22DCA6742652338000DDEDBE /* Frameworks */,
				22DCA6752652338000DDEDBE /* Resources */,
			);
			buildRules = (
			);
			dependencies = (
			);
			name = airbnb;
			packageProductDependencies = (
				224FF51626525C7E0051259F /* Alamofire */,
			);
			productName = airbnb;
			productReference = 22DCA6772652338000DDEDBE /* airbnb.app */;
			productType = "com.apple.product-type.application";
		};
		22DCA68C2652338600DDEDBE /* airbnbTests */ = {
			isa = PBXNativeTarget;
			buildConfigurationList = 22DCA6A42652338700DDEDBE /* Build configuration list for PBXNativeTarget "airbnbTests" */;
			buildPhases = (
				22DCA6892652338600DDEDBE /* Sources */,
				22DCA68A2652338600DDEDBE /* Frameworks */,
				22DCA68B2652338600DDEDBE /* Resources */,
			);
			buildRules = (
			);
			dependencies = (
				22DCA68F2652338600DDEDBE /* PBXTargetDependency */,
			);
			name = airbnbTests;
			productName = airbnbTests;
			productReference = 22DCA68D2652338600DDEDBE /* airbnbTests.xctest */;
			productType = "com.apple.product-type.bundle.unit-test";
		};
		22DCA6972652338600DDEDBE /* airbnbUITests */ = {
			isa = PBXNativeTarget;
			buildConfigurationList = 22DCA6A72652338700DDEDBE /* Build configuration list for PBXNativeTarget "airbnbUITests" */;
			buildPhases = (
				22DCA6942652338600DDEDBE /* Sources */,
				22DCA6952652338600DDEDBE /* Frameworks */,
				22DCA6962652338600DDEDBE /* Resources */,
			);
			buildRules = (
			);
			dependencies = (
				22DCA69A2652338600DDEDBE /* PBXTargetDependency */,
			);
			name = airbnbUITests;
			productName = airbnbUITests;
			productReference = 22DCA6982652338600DDEDBE /* airbnbUITests.xctest */;
			productType = "com.apple.product-type.bundle.ui-testing";
		};
/* End PBXNativeTarget section */

/* Begin PBXProject section */
		22DCA66F2652338000DDEDBE /* Project object */ = {
			isa = PBXProject;
			attributes = {
				LastSwiftUpdateCheck = 1240;
				LastUpgradeCheck = 1240;
				TargetAttributes = {
					22DCA6762652338000DDEDBE = {
						CreatedOnToolsVersion = 12.4;
					};
					22DCA68C2652338600DDEDBE = {
						CreatedOnToolsVersion = 12.4;
						TestTargetID = 22DCA6762652338000DDEDBE;
					};
					22DCA6972652338600DDEDBE = {
						CreatedOnToolsVersion = 12.4;
						TestTargetID = 22DCA6762652338000DDEDBE;
					};
				};
			};
			buildConfigurationList = 22DCA6722652338000DDEDBE /* Build configuration list for PBXProject "airbnb" */;
			compatibilityVersion = "Xcode 9.3";
			developmentRegion = en;
			hasScannedForEncodings = 0;
			knownRegions = (
				en,
				Base,
			);
			mainGroup = 22DCA66E2652338000DDEDBE;
			packageReferences = (
				224FF51526525C7E0051259F /* XCRemoteSwiftPackageReference "Alamofire" */,
			);
			productRefGroup = 22DCA6782652338000DDEDBE /* Products */;
			projectDirPath = "";
			projectRoot = "";
			targets = (
				22DCA6762652338000DDEDBE /* airbnb */,
				22DCA68C2652338600DDEDBE /* airbnbTests */,
				22DCA6972652338600DDEDBE /* airbnbUITests */,
			);
		};
/* End PBXProject section */

/* Begin PBXResourcesBuildPhase section */
		22DCA6752652338000DDEDBE /* Resources */ = {
			isa = PBXResourcesBuildPhase;
			buildActionMask = 2147483647;
			files = (
				22DCA6872652338600DDEDBE /* LaunchScreen.storyboard in Resources */,
				22DCA6842652338600DDEDBE /* Assets.xcassets in Resources */,
				22DF010E2655225B00CEE483 /* CalendarYearMonthHeader.xib in Resources */,
				224FF51126525B9E0051259F /* NetworkElements.plist in Resources */,
				22DCA6822652338000DDEDBE /* Main.storyboard in Resources */,
				2247996B26574FB6005EDCE5 /* ResultCell.xib in Resources */,
				2299C62E26536BE5007B01EE /* CalendarCell.xib in Resources */,
			);
			runOnlyForDeploymentPostprocessing = 0;
		};
		22DCA68B2652338600DDEDBE /* Resources */ = {
			isa = PBXResourcesBuildPhase;
			buildActionMask = 2147483647;
			files = (
			);
			runOnlyForDeploymentPostprocessing = 0;
		};
		22DCA6962652338600DDEDBE /* Resources */ = {
			isa = PBXResourcesBuildPhase;
			buildActionMask = 2147483647;
			files = (
			);
			runOnlyForDeploymentPostprocessing = 0;
		};
/* End PBXResourcesBuildPhase section */

/* Begin PBXSourcesBuildPhase section */
		22DCA6732652338000DDEDBE /* Sources */ = {
			isa = PBXSourcesBuildPhase;
			buildActionMask = 2147483647;
			files = (
				2247997A26575803005EDCE5 /* SearchDataCenter.swift in Sources */,
				22DF011926552F5E00CEE483 /* Day.swift in Sources */,
				22B90732265360A400F6A0B0 /* CalendarViewController.swift in Sources */,
				224FF4D226523B7D0051259F /* AirbnbRouter.swift in Sources */,
				22DF012326552F9500CEE483 /* Date.swift in Sources */,
				22DCA67F2652338000DDEDBE /* MainViewController.swift in Sources */,
				2247996A26574FB6005EDCE5 /* ResultCell.swift in Sources */,
				227E48EA2656668000603EB2 /* PriceViewController.swift in Sources */,
				22DF011426552F4800CEE483 /* YearMonthMetadata.swift in Sources */,
				224FF4E1265240820051259F /* SearchViewController.swift in Sources */,
				22DE05CF265B76ED0086B74B /* String+Date.swift in Sources */,
				22FA3EA12656949F0073FB47 /* Selected.swift in Sources */,
				22DCA67B2652338000DDEDBE /* AppDelegate.swift in Sources */,
				224FF4C126523AFA0051259F /* NSObject+ClassNameProtocol.swift in Sources */,
				22DF010D2655225B00CEE483 /* CalendarYearMonthHeader.swift in Sources */,
				22479971265757CD005EDCE5 /* SelectInfo.swift in Sources */,
				22DF011E26552F8600CEE483 /* CalendarBusinessCenter.swift in Sources */,
				2299C62D26536BE5007B01EE /* CalendarCell.swift in Sources */,
				22FA3EAC2656A6BD0073FB47 /* UINavigationBar.swift in Sources */,
				22DE05C4265B6EC00086B74B /* BottomSearchInfoViewController.swift in Sources */,
				224FF4CA26523B5C0051259F /* NetworkingCenter.swift in Sources */,
				22DCA67D2652338000DDEDBE /* SceneDelegate.swift in Sources */,
			);
			runOnlyForDeploymentPostprocessing = 0;
		};
		22DCA6892652338600DDEDBE /* Sources */ = {
			isa = PBXSourcesBuildPhase;
			buildActionMask = 2147483647;
			files = (
				22DCA6922652338600DDEDBE /* airbnbTests.swift in Sources */,
			);
			runOnlyForDeploymentPostprocessing = 0;
		};
		22DCA6942652338600DDEDBE /* Sources */ = {
			isa = PBXSourcesBuildPhase;
			buildActionMask = 2147483647;
			files = (
				22DCA69D2652338600DDEDBE /* airbnbUITests.swift in Sources */,
			);
			runOnlyForDeploymentPostprocessing = 0;
		};
/* End PBXSourcesBuildPhase section */

/* Begin PBXTargetDependency section */
		22DCA68F2652338600DDEDBE /* PBXTargetDependency */ = {
			isa = PBXTargetDependency;
			target = 22DCA6762652338000DDEDBE /* airbnb */;
			targetProxy = 22DCA68E2652338600DDEDBE /* PBXContainerItemProxy */;
		};
		22DCA69A2652338600DDEDBE /* PBXTargetDependency */ = {
			isa = PBXTargetDependency;
			target = 22DCA6762652338000DDEDBE /* airbnb */;
			targetProxy = 22DCA6992652338600DDEDBE /* PBXContainerItemProxy */;
		};
/* End PBXTargetDependency section */

/* Begin PBXVariantGroup section */
		22DCA6802652338000DDEDBE /* Main.storyboard */ = {
			isa = PBXVariantGroup;
			children = (
				22DCA6812652338000DDEDBE /* Base */,
			);
			name = Main.storyboard;
			sourceTree = "<group>";
		};
		22DCA6852652338600DDEDBE /* LaunchScreen.storyboard */ = {
			isa = PBXVariantGroup;
			children = (
				22DCA6862652338600DDEDBE /* Base */,
			);
			name = LaunchScreen.storyboard;
			sourceTree = "<group>";
		};
/* End PBXVariantGroup section */

/* Begin XCBuildConfiguration section */
		22DCA69F2652338700DDEDBE /* Debug */ = {
			isa = XCBuildConfiguration;
			buildSettings = {
				ALWAYS_SEARCH_USER_PATHS = NO;
				CLANG_ANALYZER_NONNULL = YES;
				CLANG_ANALYZER_NUMBER_OBJECT_CONVERSION = YES_AGGRESSIVE;
				CLANG_CXX_LANGUAGE_STANDARD = "gnu++14";
				CLANG_CXX_LIBRARY = "libc++";
				CLANG_ENABLE_MODULES = YES;
				CLANG_ENABLE_OBJC_ARC = YES;
				CLANG_ENABLE_OBJC_WEAK = YES;
				CLANG_WARN_BLOCK_CAPTURE_AUTORELEASING = YES;
				CLANG_WARN_BOOL_CONVERSION = YES;
				CLANG_WARN_COMMA = YES;
				CLANG_WARN_CONSTANT_CONVERSION = YES;
				CLANG_WARN_DEPRECATED_OBJC_IMPLEMENTATIONS = YES;
				CLANG_WARN_DIRECT_OBJC_ISA_USAGE = YES_ERROR;
				CLANG_WARN_DOCUMENTATION_COMMENTS = YES;
				CLANG_WARN_EMPTY_BODY = YES;
				CLANG_WARN_ENUM_CONVERSION = YES;
				CLANG_WARN_INFINITE_RECURSION = YES;
				CLANG_WARN_INT_CONVERSION = YES;
				CLANG_WARN_NON_LITERAL_NULL_CONVERSION = YES;
				CLANG_WARN_OBJC_IMPLICIT_RETAIN_SELF = YES;
				CLANG_WARN_OBJC_LITERAL_CONVERSION = YES;
				CLANG_WARN_OBJC_ROOT_CLASS = YES_ERROR;
				CLANG_WARN_QUOTED_INCLUDE_IN_FRAMEWORK_HEADER = YES;
				CLANG_WARN_RANGE_LOOP_ANALYSIS = YES;
				CLANG_WARN_STRICT_PROTOTYPES = YES;
				CLANG_WARN_SUSPICIOUS_MOVE = YES;
				CLANG_WARN_UNGUARDED_AVAILABILITY = YES_AGGRESSIVE;
				CLANG_WARN_UNREACHABLE_CODE = YES;
				CLANG_WARN__DUPLICATE_METHOD_MATCH = YES;
				COPY_PHASE_STRIP = NO;
				DEBUG_INFORMATION_FORMAT = dwarf;
				ENABLE_STRICT_OBJC_MSGSEND = YES;
				ENABLE_TESTABILITY = YES;
				GCC_C_LANGUAGE_STANDARD = gnu11;
				GCC_DYNAMIC_NO_PIC = NO;
				GCC_NO_COMMON_BLOCKS = YES;
				GCC_OPTIMIZATION_LEVEL = 0;
				GCC_PREPROCESSOR_DEFINITIONS = (
					"DEBUG=1",
					"$(inherited)",
				);
				GCC_WARN_64_TO_32_BIT_CONVERSION = YES;
				GCC_WARN_ABOUT_RETURN_TYPE = YES_ERROR;
				GCC_WARN_UNDECLARED_SELECTOR = YES;
				GCC_WARN_UNINITIALIZED_AUTOS = YES_AGGRESSIVE;
				GCC_WARN_UNUSED_FUNCTION = YES;
				GCC_WARN_UNUSED_VARIABLE = YES;
				IPHONEOS_DEPLOYMENT_TARGET = 14.4;
				MTL_ENABLE_DEBUG_INFO = INCLUDE_SOURCE;
				MTL_FAST_MATH = YES;
				ONLY_ACTIVE_ARCH = YES;
				SDKROOT = iphoneos;
				SWIFT_ACTIVE_COMPILATION_CONDITIONS = DEBUG;
				SWIFT_OPTIMIZATION_LEVEL = "-Onone";
			};
			name = Debug;
		};
		22DCA6A02652338700DDEDBE /* Release */ = {
			isa = XCBuildConfiguration;
			buildSettings = {
				ALWAYS_SEARCH_USER_PATHS = NO;
				CLANG_ANALYZER_NONNULL = YES;
				CLANG_ANALYZER_NUMBER_OBJECT_CONVERSION = YES_AGGRESSIVE;
				CLANG_CXX_LANGUAGE_STANDARD = "gnu++14";
				CLANG_CXX_LIBRARY = "libc++";
				CLANG_ENABLE_MODULES = YES;
				CLANG_ENABLE_OBJC_ARC = YES;
				CLANG_ENABLE_OBJC_WEAK = YES;
				CLANG_WARN_BLOCK_CAPTURE_AUTORELEASING = YES;
				CLANG_WARN_BOOL_CONVERSION = YES;
				CLANG_WARN_COMMA = YES;
				CLANG_WARN_CONSTANT_CONVERSION = YES;
				CLANG_WARN_DEPRECATED_OBJC_IMPLEMENTATIONS = YES;
				CLANG_WARN_DIRECT_OBJC_ISA_USAGE = YES_ERROR;
				CLANG_WARN_DOCUMENTATION_COMMENTS = YES;
				CLANG_WARN_EMPTY_BODY = YES;
				CLANG_WARN_ENUM_CONVERSION = YES;
				CLANG_WARN_INFINITE_RECURSION = YES;
				CLANG_WARN_INT_CONVERSION = YES;
				CLANG_WARN_NON_LITERAL_NULL_CONVERSION = YES;
				CLANG_WARN_OBJC_IMPLICIT_RETAIN_SELF = YES;
				CLANG_WARN_OBJC_LITERAL_CONVERSION = YES;
				CLANG_WARN_OBJC_ROOT_CLASS = YES_ERROR;
				CLANG_WARN_QUOTED_INCLUDE_IN_FRAMEWORK_HEADER = YES;
				CLANG_WARN_RANGE_LOOP_ANALYSIS = YES;
				CLANG_WARN_STRICT_PROTOTYPES = YES;
				CLANG_WARN_SUSPICIOUS_MOVE = YES;
				CLANG_WARN_UNGUARDED_AVAILABILITY = YES_AGGRESSIVE;
				CLANG_WARN_UNREACHABLE_CODE = YES;
				CLANG_WARN__DUPLICATE_METHOD_MATCH = YES;
				COPY_PHASE_STRIP = NO;
				DEBUG_INFORMATION_FORMAT = "dwarf-with-dsym";
				ENABLE_NS_ASSERTIONS = NO;
				ENABLE_STRICT_OBJC_MSGSEND = YES;
				GCC_C_LANGUAGE_STANDARD = gnu11;
				GCC_NO_COMMON_BLOCKS = YES;
				GCC_WARN_64_TO_32_BIT_CONVERSION = YES;
				GCC_WARN_ABOUT_RETURN_TYPE = YES_ERROR;
				GCC_WARN_UNDECLARED_SELECTOR = YES;
				GCC_WARN_UNINITIALIZED_AUTOS = YES_AGGRESSIVE;
				GCC_WARN_UNUSED_FUNCTION = YES;
				GCC_WARN_UNUSED_VARIABLE = YES;
				IPHONEOS_DEPLOYMENT_TARGET = 14.4;
				MTL_ENABLE_DEBUG_INFO = NO;
				MTL_FAST_MATH = YES;
				SDKROOT = iphoneos;
				SWIFT_COMPILATION_MODE = wholemodule;
				SWIFT_OPTIMIZATION_LEVEL = "-O";
				VALIDATE_PRODUCT = YES;
			};
			name = Release;
		};
		22DCA6A22652338700DDEDBE /* Debug */ = {
			isa = XCBuildConfiguration;
			buildSettings = {
				ASSETCATALOG_COMPILER_APPICON_NAME = AppIcon;
				ASSETCATALOG_COMPILER_GLOBAL_ACCENT_COLOR_NAME = AccentColor;
				CODE_SIGN_STYLE = Automatic;
				INFOPLIST_FILE = airbnb/Info.plist;
				LD_RUNPATH_SEARCH_PATHS = (
					"$(inherited)",
					"@executable_path/Frameworks",
				);
				PRODUCT_BUNDLE_IDENTIFIER = kr.maylily.airbnb;
				PRODUCT_NAME = "$(TARGET_NAME)";
				SWIFT_VERSION = 5.0;
				TARGETED_DEVICE_FAMILY = "1,2";
			};
			name = Debug;
		};
		22DCA6A32652338700DDEDBE /* Release */ = {
			isa = XCBuildConfiguration;
			buildSettings = {
				ASSETCATALOG_COMPILER_APPICON_NAME = AppIcon;
				ASSETCATALOG_COMPILER_GLOBAL_ACCENT_COLOR_NAME = AccentColor;
				CODE_SIGN_STYLE = Automatic;
				INFOPLIST_FILE = airbnb/Info.plist;
				LD_RUNPATH_SEARCH_PATHS = (
					"$(inherited)",
					"@executable_path/Frameworks",
				);
				PRODUCT_BUNDLE_IDENTIFIER = kr.maylily.airbnb;
				PRODUCT_NAME = "$(TARGET_NAME)";
				SWIFT_VERSION = 5.0;
				TARGETED_DEVICE_FAMILY = "1,2";
			};
			name = Release;
		};
		22DCA6A52652338700DDEDBE /* Debug */ = {
			isa = XCBuildConfiguration;
			buildSettings = {
				ALWAYS_EMBED_SWIFT_STANDARD_LIBRARIES = YES;
				BUNDLE_LOADER = "$(TEST_HOST)";
				CODE_SIGN_STYLE = Automatic;
				INFOPLIST_FILE = airbnbTests/Info.plist;
				IPHONEOS_DEPLOYMENT_TARGET = 14.4;
				LD_RUNPATH_SEARCH_PATHS = (
					"$(inherited)",
					"@executable_path/Frameworks",
					"@loader_path/Frameworks",
				);
				PRODUCT_BUNDLE_IDENTIFIER = kr.maylily.airbnbTests;
				PRODUCT_NAME = "$(TARGET_NAME)";
				SWIFT_VERSION = 5.0;
				TARGETED_DEVICE_FAMILY = "1,2";
				TEST_HOST = "$(BUILT_PRODUCTS_DIR)/airbnb.app/airbnb";
			};
			name = Debug;
		};
		22DCA6A62652338700DDEDBE /* Release */ = {
			isa = XCBuildConfiguration;
			buildSettings = {
				ALWAYS_EMBED_SWIFT_STANDARD_LIBRARIES = YES;
				BUNDLE_LOADER = "$(TEST_HOST)";
				CODE_SIGN_STYLE = Automatic;
				INFOPLIST_FILE = airbnbTests/Info.plist;
				IPHONEOS_DEPLOYMENT_TARGET = 14.4;
				LD_RUNPATH_SEARCH_PATHS = (
					"$(inherited)",
					"@executable_path/Frameworks",
					"@loader_path/Frameworks",
				);
				PRODUCT_BUNDLE_IDENTIFIER = kr.maylily.airbnbTests;
				PRODUCT_NAME = "$(TARGET_NAME)";
				SWIFT_VERSION = 5.0;
				TARGETED_DEVICE_FAMILY = "1,2";
				TEST_HOST = "$(BUILT_PRODUCTS_DIR)/airbnb.app/airbnb";
			};
			name = Release;
		};
		22DCA6A82652338700DDEDBE /* Debug */ = {
			isa = XCBuildConfiguration;
			buildSettings = {
				ALWAYS_EMBED_SWIFT_STANDARD_LIBRARIES = YES;
				CODE_SIGN_STYLE = Automatic;
				INFOPLIST_FILE = airbnbUITests/Info.plist;
				LD_RUNPATH_SEARCH_PATHS = (
					"$(inherited)",
					"@executable_path/Frameworks",
					"@loader_path/Frameworks",
				);
				PRODUCT_BUNDLE_IDENTIFIER = kr.maylily.airbnbUITests;
				PRODUCT_NAME = "$(TARGET_NAME)";
				SWIFT_VERSION = 5.0;
				TARGETED_DEVICE_FAMILY = "1,2";
				TEST_TARGET_NAME = airbnb;
			};
			name = Debug;
		};
		22DCA6A92652338700DDEDBE /* Release */ = {
			isa = XCBuildConfiguration;
			buildSettings = {
				ALWAYS_EMBED_SWIFT_STANDARD_LIBRARIES = YES;
				CODE_SIGN_STYLE = Automatic;
				INFOPLIST_FILE = airbnbUITests/Info.plist;
				LD_RUNPATH_SEARCH_PATHS = (
					"$(inherited)",
					"@executable_path/Frameworks",
					"@loader_path/Frameworks",
				);
				PRODUCT_BUNDLE_IDENTIFIER = kr.maylily.airbnbUITests;
				PRODUCT_NAME = "$(TARGET_NAME)";
				SWIFT_VERSION = 5.0;
				TARGETED_DEVICE_FAMILY = "1,2";
				TEST_TARGET_NAME = airbnb;
			};
			name = Release;
		};
/* End XCBuildConfiguration section */

/* Begin XCConfigurationList section */
		22DCA6722652338000DDEDBE /* Build configuration list for PBXProject "airbnb" */ = {
			isa = XCConfigurationList;
			buildConfigurations = (
				22DCA69F2652338700DDEDBE /* Debug */,
				22DCA6A02652338700DDEDBE /* Release */,
			);
			defaultConfigurationIsVisible = 0;
			defaultConfigurationName = Release;
		};
		22DCA6A12652338700DDEDBE /* Build configuration list for PBXNativeTarget "airbnb" */ = {
			isa = XCConfigurationList;
			buildConfigurations = (
				22DCA6A22652338700DDEDBE /* Debug */,
				22DCA6A32652338700DDEDBE /* Release */,
			);
			defaultConfigurationIsVisible = 0;
			defaultConfigurationName = Release;
		};
		22DCA6A42652338700DDEDBE /* Build configuration list for PBXNativeTarget "airbnbTests" */ = {
			isa = XCConfigurationList;
			buildConfigurations = (
				22DCA6A52652338700DDEDBE /* Debug */,
				22DCA6A62652338700DDEDBE /* Release */,
			);
			defaultConfigurationIsVisible = 0;
			defaultConfigurationName = Release;
		};
		22DCA6A72652338700DDEDBE /* Build configuration list for PBXNativeTarget "airbnbUITests" */ = {
			isa = XCConfigurationList;
			buildConfigurations = (
				22DCA6A82652338700DDEDBE /* Debug */,
				22DCA6A92652338700DDEDBE /* Release */,
			);
			defaultConfigurationIsVisible = 0;
			defaultConfigurationName = Release;
		};
/* End XCConfigurationList section */

/* Begin XCRemoteSwiftPackageReference section */
		224FF51526525C7E0051259F /* XCRemoteSwiftPackageReference "Alamofire" */ = {
			isa = XCRemoteSwiftPackageReference;
			repositoryURL = "https://github.com/Alamofire/Alamofire.git";
			requirement = {
				kind = upToNextMajorVersion;
				minimumVersion = 5.4.3;
			};
		};
/* End XCRemoteSwiftPackageReference section */

/* Begin XCSwiftPackageProductDependency section */
		224FF51626525C7E0051259F /* Alamofire */ = {
			isa = XCSwiftPackageProductDependency;
			package = 224FF51526525C7E0051259F /* XCRemoteSwiftPackageReference "Alamofire" */;
			productName = Alamofire;
		};
/* End XCSwiftPackageProductDependency section */
	};
	rootObject = 22DCA66F2652338000DDEDBE /* Project object */;
}
